
Microsoft Visual Studio Solution File, Format Version 12.00
# Visual Studio Version 17
VisualStudioVersion = 17.7.34024.191
MinimumVisualStudioVersion = 10.0.40219.1
Project("{9A19103F-16F7-4668-BE54-9A1E7A4F7556}") = "Sales.API", "Sales.API\Sales.API.csproj", "{0AB421D5-1F50-41B3-A0EC-1F9D94FA36CB}"
EndProject
Project("{9A19103F-16F7-4668-BE54-9A1E7A4F7556}") = "Blazor.WEB", "Blazor.WEB\Blazor.WEB.csproj", "{40934602-8B07-4E12-A418-5C0CA26F24CB}"
EndProject
Project("{9A19103F-16F7-4668-BE54-9A1E7A4F7556}") = "Sales.Mobile", "Sales.Mobile\Sales.Mobile.csproj", "{D3356422-E236-45FD-9DE6-34AFD4832B28}"
EndProject
Project("{9A19103F-16F7-4668-BE54-9A1E7A4F7556}") = "Sales.Shared", "Sales.Shared\Sales.Shared.csproj", "{BE36AA53-7639-4639-BDF4-81B1CE2DBF2A}"
EndProject
Global
	GlobalSection(SolutionConfigurationPlatforms) = preSolution
		Debug|Any CPU = Debug|Any CPU
		Release|Any CPU = Release|Any CPU
	EndGlobalSection
	GlobalSection(ProjectConfigurationPlatforms) = postSolution
		{0AB421D5-1F50-41B3-A0EC-1F9D94FA36CB}.Debug|Any CPU.ActiveCfg = Debug|Any CPU
		{0AB421D5-1F50-41B3-A0EC-1F9D94FA36CB}.Debug|Any CPU.Build.0 = Debug|Any CPU
		{0AB421D5-1F50-41B3-A0EC-1F9D94FA36CB}.Release|Any CPU.ActiveCfg = Release|Any CPU
		{0AB421D5-1F50-41B3-A0EC-1F9D94FA36CB}.Release|Any CPU.Build.0 = Release|Any CPU
		{40934602-8B07-4E12-A418-5C0CA26F24CB}.Debug|Any CPU.ActiveCfg = Debug|Any CPU
		{40934602-8B07-4E12-A418-5C0CA26F24CB}.Debug|Any CPU.Build.0 = Debug|Any CPU
		{40934602-8B07-4E12-A418-5C0CA26F24CB}.Release|Any CPU.ActiveCfg = Release|Any CPU
		{40934602-8B07-4E12-A418-5C0CA26F24CB}.Release|Any CPU.Build.0 = Release|Any CPU
		{D3356422-E236-45FD-9DE6-34AFD4832B28}.Debug|Any CPU.ActiveCfg = Debug|Any CPU
		{D3356422-E236-45FD-9DE6-34AFD4832B28}.Debug|Any CPU.Build.0 = Debug|Any CPU
		{D3356422-E236-45FD-9DE6-34AFD4832B28}.Debug|Any CPU.Deploy.0 = Debug|Any CPU
		{D3356422-E236-45FD-9DE6-34AFD4832B28}.Release|Any CPU.ActiveCfg = Release|Any CPU
		{D3356422-E236-45FD-9DE6-34AFD4832B28}.Release|Any CPU.Build.0 = Release|Any CPU
		{D3356422-E236-45FD-9DE6-34AFD4832B28}.Release|Any CPU.Deploy.0 = Release|Any CPU
		{BE36AA53-7639-4639-BDF4-81B1CE2DBF2A}.Debug|Any CPU.ActiveCfg = Debug|Any CPU
		{BE36AA53-7639-4639-BDF4-81B1CE2DBF2A}.Debug|Any CPU.Build.0 = Debug|Any CPU
		{BE36AA53-7639-4639-BDF4-81B1CE2DBF2A}.Release|Any CPU.ActiveCfg = Release|Any CPU
		{BE36AA53-7639-4639-BDF4-81B1CE2DBF2A}.Release|Any CPU.Build.0 = Release|Any CPU
	EndGlobalSection
	GlobalSection(SolutionProperties) = preSolution
		HideSolutionNode = FALSE
	EndGlobalSection
	GlobalSection(ExtensibilityGlobals) = postSolution
		SolutionGuid = {36E0EB21-3CF7-4BD0-AC81-C3B2A5225571}
	EndGlobalSection
EndGlobal
